
Microsoft Visual Studio Solution File, Format Version 12.00
# Visual Studio Version 17
VisualStudioVersion = 17.3.32505.426
MinimumVisualStudioVersion = 10.0.40219.1
Project("{9A19103F-16F7-4668-BE54-9A1E7A4F7556}") = "GrpcService.Server", "GrpcService.Server\GrpcService.Server.csproj", "{F1E2128B-DB45-4548-AD98-011A34A5668C}"
EndProject
Project("{9A19103F-16F7-4668-BE54-9A1E7A4F7556}") = "GrpcService.Client", "GrpcService.Client\GrpcService.Client.csproj", "{8EFC75BE-60C9-4B73-8596-044F71ED7707}"
EndProject
Project("{9A19103F-16F7-4668-BE54-9A1E7A4F7556}") = "GrpcService.Shared", "GrpcShared\GrpcService.Shared.csproj", "{53F2F610-990C-4DE8-BBE1-E5ACB24E679A}"
EndProject
Project("{FAE04EC0-301F-11D3-BF4B-00C04F79EFBC}") = "Proinfocus.gRPC", "Proinfocus.gRPC\Proinfocus.gRPC.csproj", "{C0BB5849-6A4E-4465-A8D2-7F946767FB38}"
EndProject
Global
	GlobalSection(SolutionConfigurationPlatforms) = preSolution
		Debug|Any CPU = Debug|Any CPU
		Release|Any CPU = Release|Any CPU
	EndGlobalSection
	GlobalSection(ProjectConfigurationPlatforms) = postSolution
		{F1E2128B-DB45-4548-AD98-011A34A5668C}.Debug|Any CPU.ActiveCfg = Debug|Any CPU
		{F1E2128B-DB45-4548-AD98-011A34A5668C}.Debug|Any CPU.Build.0 = Debug|Any CPU
		{F1E2128B-DB45-4548-AD98-011A34A5668C}.Release|Any CPU.ActiveCfg = Release|Any CPU
		{F1E2128B-DB45-4548-AD98-011A34A5668C}.Release|Any CPU.Build.0 = Release|Any CPU
		{8EFC75BE-60C9-4B73-8596-044F71ED7707}.Debug|Any CPU.ActiveCfg = Debug|Any CPU
		{8EFC75BE-60C9-4B73-8596-044F71ED7707}.Debug|Any CPU.Build.0 = Debug|Any CPU
		{8EFC75BE-60C9-4B73-8596-044F71ED7707}.Release|Any CPU.ActiveCfg = Release|Any CPU
		{8EFC75BE-60C9-4B73-8596-044F71ED7707}.Release|Any CPU.Build.0 = Release|Any CPU
		{53F2F610-990C-4DE8-BBE1-E5ACB24E679A}.Debug|Any CPU.ActiveCfg = Debug|Any CPU
		{53F2F610-990C-4DE8-BBE1-E5ACB24E679A}.Debug|Any CPU.Build.0 = Debug|Any CPU
		{53F2F610-990C-4DE8-BBE1-E5ACB24E679A}.Release|Any CPU.ActiveCfg = Release|Any CPU
		{53F2F610-990C-4DE8-BBE1-E5ACB24E679A}.Release|Any CPU.Build.0 = Release|Any CPU
		{C0BB5849-6A4E-4465-A8D2-7F946767FB38}.Debug|Any CPU.ActiveCfg = Debug|Any CPU
		{C0BB5849-6A4E-4465-A8D2-7F946767FB38}.Debug|Any CPU.Build.0 = Debug|Any CPU
		{C0BB5849-6A4E-4465-A8D2-7F946767FB38}.Release|Any CPU.ActiveCfg = Release|Any CPU
		{C0BB5849-6A4E-4465-A8D2-7F946767FB38}.Release|Any CPU.Build.0 = Release|Any CPU
	EndGlobalSection
	GlobalSection(SolutionProperties) = preSolution
		HideSolutionNode = FALSE
	EndGlobalSection
	GlobalSection(ExtensibilityGlobals) = postSolution
		SolutionGuid = {6CF64C64-82CF-4568-AFA5-FCA9FAB9A7F5}
	EndGlobalSection
EndGlobal
